
Microsoft Visual Studio Solution File, Format Version 12.00
# Visual Studio 15
VisualStudioVersion = 15.0.27130.0
MinimumVisualStudioVersion = 10.0.40219.1
Project("{9A19103F-16F7-4668-BE54-9A1E7A4F7556}") = "SystemData.Api", "SystemData.Api\SystemData.Api.csproj", "{20C6F6A9-0253-47C9-B7F5-07FA3612BCA0}"
EndProject
Project("{9A19103F-16F7-4668-BE54-9A1E7A4F7556}") = "SystemData.BL", "SystemData.BL\SystemData.BL.csproj", "{8E3FFFE4-B0C7-4192-879B-D180DBB8C2A5}"
EndProject
Project("{FAE04EC0-301F-11D3-BF4B-00C04F79EFBC}") = "SystemData.BL.Test", "SystemData.BL.Test\SystemData.BL.Test.csproj", "{6EA290FA-7180-4D5F-A7A3-10FC2AD83242}"
EndProject
Global
	GlobalSection(SolutionConfigurationPlatforms) = preSolution
		Debug|Any CPU = Debug|Any CPU
		Release|Any CPU = Release|Any CPU
	EndGlobalSection
	GlobalSection(ProjectConfigurationPlatforms) = postSolution
		{20C6F6A9-0253-47C9-B7F5-07FA3612BCA0}.Debug|Any CPU.ActiveCfg = Debug|Any CPU
		{20C6F6A9-0253-47C9-B7F5-07FA3612BCA0}.Debug|Any CPU.Build.0 = Debug|Any CPU
		{20C6F6A9-0253-47C9-B7F5-07FA3612BCA0}.Release|Any CPU.ActiveCfg = Release|Any CPU
		{20C6F6A9-0253-47C9-B7F5-07FA3612BCA0}.Release|Any CPU.Build.0 = Release|Any CPU
		{8E3FFFE4-B0C7-4192-879B-D180DBB8C2A5}.Debug|Any CPU.ActiveCfg = Debug|Any CPU
		{8E3FFFE4-B0C7-4192-879B-D180DBB8C2A5}.Debug|Any CPU.Build.0 = Debug|Any CPU
		{8E3FFFE4-B0C7-4192-879B-D180DBB8C2A5}.Release|Any CPU.ActiveCfg = Release|Any CPU
		{8E3FFFE4-B0C7-4192-879B-D180DBB8C2A5}.Release|Any CPU.Build.0 = Release|Any CPU
		{6EA290FA-7180-4D5F-A7A3-10FC2AD83242}.Debug|Any CPU.ActiveCfg = Debug|Any CPU
		{6EA290FA-7180-4D5F-A7A3-10FC2AD83242}.Debug|Any CPU.Build.0 = Debug|Any CPU
		{6EA290FA-7180-4D5F-A7A3-10FC2AD83242}.Release|Any CPU.ActiveCfg = Release|Any CPU
		{6EA290FA-7180-4D5F-A7A3-10FC2AD83242}.Release|Any CPU.Build.0 = Release|Any CPU
	EndGlobalSection
	GlobalSection(SolutionProperties) = preSolution
		HideSolutionNode = FALSE
	EndGlobalSection
	GlobalSection(ExtensibilityGlobals) = postSolution
		SolutionGuid = {3F568F4E-AD58-4F0D-ACEE-2BF3E1596E8D}
	EndGlobalSection
EndGlobal
